<Solution>
  <Folder Name="/BuildingBlocks/">
    <Project Path="BuildingBlocks/BuildingBlocks/BuildingBlocks.csproj" Id="6852f40b-dbbc-48d3-baa7-cda656a6ef26" />
  </Folder>
  <Folder Name="/Services/" />
  <Folder Name="/Services/Catalog/">
    <Project Path="Services/Catalog/Catalog.API/Catalog.API.csproj" Id="06c3b4d2-67cc-4f55-aca8-e8d353f03939" />
  </Folder>
</Solution>
